
Microsoft Visual Studio Solution File, Format Version 12.00
# Visual Studio 15
VisualStudioVersion = 15.0.27130.2036
MinimumVisualStudioVersion = 10.0.40219.1
Project("{FAE04EC0-301F-11D3-BF4B-00C04F79EFBC}") = "EnvironmentVariableTests", "EnvironmentVariableTests\EnvironmentVariableTests.csproj", "{4FFA0F86-7D54-4F38-B370-740D88387FFC}"
EndProject
Global
	GlobalSection(SolutionConfigurationPlatforms) = preSolution
		Debug|Any CPU = Debug|Any CPU
		Release|Any CPU = Release|Any CPU
	EndGlobalSection
	GlobalSection(ProjectConfigurationPlatforms) = postSolution
		{4FFA0F86-7D54-4F38-B370-740D88387FFC}.Debug|Any CPU.ActiveCfg = Debug|Any CPU
		{4FFA0F86-7D54-4F38-B370-740D88387FFC}.Debug|Any CPU.Build.0 = Debug|Any CPU
		{4FFA0F86-7D54-4F38-B370-740D88387FFC}.Release|Any CPU.ActiveCfg = Release|Any CPU
		{4FFA0F86-7D54-4F38-B370-740D88387FFC}.Release|Any CPU.Build.0 = Release|Any CPU
	EndGlobalSection
	GlobalSection(SolutionProperties) = preSolution
		HideSolutionNode = FALSE
	EndGlobalSection
	GlobalSection(ExtensibilityGlobals) = postSolution
		SolutionGuid = {46A1E9B2-B02A-422E-BDF1-31E03BAB3653}
	EndGlobalSection
EndGlobal
